<?xml version="1.0" encoding="utf-8"?>
<Project ToolsVersion="4.0" xmlns="http://schemas.microsoft.com/developer/msbuild/2003">
  <ItemGroup>
    <ClCompile Include="Main.cpp" />
    <ClCompile Include="pch.cpp" />
    <ClCompile Include="HeaderTokenizer.cpp" />
    <ClCompile Include="SyntaxAnalyzer.cpp" />
    <ClCompile Include="CodeGenerator.cpp" />
    <ClCompile Include="BatchGenerator.cpp" />
  </ItemGroup>
  <ItemGroup>
    <ClInclude Include="pch.h" />
    <ClInclude Include="HeaderTokenizer.h" />
    <ClInclude Include="SyntaxAnalyzer.h" />
    <ClInclude Include="CodeGenerator.h" />
    <ClInclude Include="BatchGenerator.h" />
  </ItemGroup>
</Project>