<?xml version="1.0" encoding="utf-8"?>
<Project ToolsVersion="4.0" xmlns="http://schemas.microsoft.com/developer/msbuild/2003">
  <ItemGroup>
    <ClCompile Include="$(MSBuildThisFileDirectory)Action.cpp">
      <Filter>Engine\Action</Filter>
    </ClCompile>
    <ClCompile Include="$(MSBuildThisFileDirectory)DefaultHashFunction.cpp">
      <Filter>Container</Filter>
    </ClCompile>
    <ClCompile Include="$(MSBuildThisFileDirectory)Attributed.cpp">
      <Filter>EngineBase</Filter>
    </ClCompile>
    <ClCompile Include="$(MSBuildThisFileDirectory)Datum.cpp">
      <Filter>EngineBase</Filter>
    </ClCompile>
    <ClCompile Include="$(MSBuildThisFileDirectory)GameClock.cpp">
      <Filter>EngineBase</Filter>
    </ClCompile>
    <ClCompile Include="$(MSBuildThisFileDirectory)GameTime.cpp">
      <Filter>EngineBase</Filter>
    </ClCompile>
    <ClCompile Include="$(MSBuildThisFileDirectory)Scope.cpp">
      <Filter>EngineBase</Filter>
    </ClCompile>
    <ClCompile Include="$(MSBuildThisFileDirectory)Sector.cpp">
      <Filter>Engine</Filter>
    </ClCompile>
    <ClCompile Include="$(MSBuildThisFileDirectory)World.cpp">
      <Filter>Engine</Filter>
    </ClCompile>
    <ClCompile Include="$(MSBuildThisFileDirectory)WorldState.cpp">
      <Filter>Engine</Filter>
    </ClCompile>
    <ClCompile Include="$(MSBuildThisFileDirectory)IJsonParseHelper.cpp">
      <Filter>EngineBase\JsonParse</Filter>
    </ClCompile>
    <ClCompile Include="$(MSBuildThisFileDirectory)JsonParseMaster.cpp">
      <Filter>EngineBase\JsonParse</Filter>
    </ClCompile>
    <ClCompile Include="$(MSBuildThisFileDirectory)JsonTableParseHelper.cpp">
      <Filter>EngineBase\JsonParse</Filter>
    </ClCompile>
    <ClCompile Include="$(MSBuildThisFileDirectory)ActionListIf.cpp">
      <Filter>Engine\Action</Filter>
    </ClCompile>
    <ClCompile Include="$(MSBuildThisFileDirectory)ActionIncrement.cpp">
      <Filter>Engine\Action</Filter>
    </ClCompile>
    <ClCompile Include="$(MSBuildThisFileDirectory)ActionCreateAction.cpp">
      <Filter>Engine\Action</Filter>
    </ClCompile>
    <ClCompile Include="$(MSBuildThisFileDirectory)ActionDestroyAction.cpp">
      <Filter>Engine\Action</Filter>
    </ClCompile>
    <ClCompile Include="$(MSBuildThisFileDirectory)Entity.cpp">
      <Filter>Engine</Filter>
    </ClCompile>
    <ClCompile Include="$(MSBuildThisFileDirectory)Event.cpp">
      <Filter>Engine</Filter>
    </ClCompile>
    <ClCompile Include="$(MSBuildThisFileDirectory)EventQueue.cpp">
      <Filter>Engine</Filter>
    </ClCompile>
    <ClCompile Include="$(MSBuildThisFileDirectory)IEventSubscriber.cpp">
      <Filter>Engine</Filter>
    </ClCompile>
    <ClCompile Include="$(MSBuildThisFileDirectory)ActionEvent.cpp">
      <Filter>Engine\Action</Filter>
    </ClCompile>
    <ClCompile Include="$(MSBuildThisFileDirectory)Reaction.cpp">
      <Filter>Engine\Reaction</Filter>
    </ClCompile>
    <ClCompile Include="$(MSBuildThisFileDirectory)EventMessageAttributed.cpp">
      <Filter>Engine\Reaction</Filter>
    </ClCompile>
    <ClCompile Include="$(MSBuildThisFileDirectory)ReactionAttributed.cpp">
      <Filter>Engine\Reaction</Filter>
    </ClCompile>
    <ClCompile Include="$(MSBuildThisFileDirectory)ActionAdd.cpp">
      <Filter>Engine\Action</Filter>
    </ClCompile>
    <ClCompile Include="$(MSBuildThisFileDirectory)Tokenizer.cpp">
      <Filter>EngineBase\JsonParse</Filter>
    </ClCompile>
    <ClCompile Include="$(MSBuildThisFileDirectory)ActionExpression.cpp">
      <Filter>Engine\Action</Filter>
    </ClCompile>
    <ClCompile Include="$(MSBuildThisFileDirectory)ActionCircleCollision.cpp">
      <Filter>Box2d</Filter>
    </ClCompile>
    <ClCompile Include="$(MSBuildThisFileDirectory)ActionPolygonCollision.cpp">
      <Filter>Box2d</Filter>
    </ClCompile>
    <ClCompile Include="$(MSBuildThisFileDirectory)CollisionManager.cpp">
      <Filter>Box2d</Filter>
    </ClCompile>
    <ClCompile Include="$(MSBuildThisFileDirectory)ActionCollision.cpp">
      <Filter>Box2d</Filter>
    </ClCompile>
    <ClCompile Include="$(MSBuildThisFileDirectory)ActionBoxCollision.cpp">
      <Filter>Box2d</Filter>
    </ClCompile>
    <ClCompile Include="$(MSBuildThisFileDirectory)ActionCollisionEvent.cpp">
      <Filter>Box2d</Filter>
    </ClCompile>
    <ClCompile Include="$(MSBuildThisFileDirectory)ActionTriangleCollision.cpp">
      <Filter>Box2d</Filter>
    </ClCompile>
    <ClCompile Include="$(MSBuildThisFileDirectory)ActionCollisionResult.cpp">
      <Filter>Box2d</Filter>
    </ClCompile>
    <ClCompile Include="$(MSBuildThisFileDirectory)ActionRender.cpp">
      <Filter>Engine\Action</Filter>
    </ClCompile>
    <ClCompile Include="$(MSBuildThisFileDirectory)ActionDestroy.cpp">
      <Filter>Engine\Action</Filter>
    </ClCompile>
    <ClCompile Include="$(MSBuildThisFileDirectory)ActionLoadJson.cpp">
      <Filter>Engine\Action</Filter>
    </ClCompile>
    <ClCompile Include="$(MSBuildThisFileDirectory)Transform.cpp">
      <Filter>EngineBase</Filter>
    </ClCompile>
    <ClCompile Include="$(MSBuildThisFileDirectory)ActionAnimation.cpp">
      <Filter>Engine\Action</Filter>
    </ClCompile>
    <ClCompile Include="$(MSBuildThisFileDirectory)ActionUpdateHealthUI.cpp">
      <Filter>Engine\Action</Filter>
    </ClCompile>
    <ClCompile Include="$(MSBuildThisFileDirectory)pch.cpp" />
    <ClCompile Include="$(MSBuildThisFileDirectory)LuaBind.cpp">
      <Filter>LuaBind</Filter>
    </ClCompile>
  </ItemGroup>
  <ItemGroup>
    <ClInclude Include="$(MSBuildThisFileDirectory)Action.h">
      <Filter>Engine\Action</Filter>
    </ClInclude>
    <ClInclude Include="$(MSBuildThisFileDirectory)DefaultHashFunction.h">
      <Filter>Container</Filter>
    </ClInclude>
    <ClInclude Include="$(MSBuildThisFileDirectory)HashMap.h">
      <Filter>Container</Filter>
    </ClInclude>
    <ClInclude Include="$(MSBuildThisFileDirectory)SList.h">
      <Filter>Container</Filter>
    </ClInclude>
    <ClInclude Include="$(MSBuildThisFileDirectory)vector.h">
      <Filter>Container</Filter>
    </ClInclude>
    <ClInclude Include="$(MSBuildThisFileDirectory)Attributed.h">
      <Filter>EngineBase</Filter>
    </ClInclude>
    <ClInclude Include="$(MSBuildThisFileDirectory)Datum.h">
      <Filter>EngineBase</Filter>
    </ClInclude>
    <ClInclude Include="$(MSBuildThisFileDirectory)Factory.h">
      <Filter>EngineBase</Filter>
    </ClInclude>
    <ClInclude Include="$(MSBuildThisFileDirectory)GameClock.h">
      <Filter>EngineBase</Filter>
    </ClInclude>
    <ClInclude Include="$(MSBuildThisFileDirectory)GameTime.h">
      <Filter>EngineBase</Filter>
    </ClInclude>
    <ClInclude Include="$(MSBuildThisFileDirectory)RTTI.h">
      <Filter>EngineBase</Filter>
    </ClInclude>
    <ClInclude Include="$(MSBuildThisFileDirectory)Scope.h">
      <Filter>EngineBase</Filter>
    </ClInclude>
    <ClInclude Include="$(MSBuildThisFileDirectory)Sector.h">
      <Filter>Engine</Filter>
    </ClInclude>
    <ClInclude Include="$(MSBuildThisFileDirectory)World.h">
      <Filter>Engine</Filter>
    </ClInclude>
    <ClInclude Include="$(MSBuildThisFileDirectory)WorldState.h">
      <Filter>Engine</Filter>
    </ClInclude>
    <ClInclude Include="$(MSBuildThisFileDirectory)IJsonParseHelper.h">
      <Filter>EngineBase\JsonParse</Filter>
    </ClInclude>
    <ClInclude Include="$(MSBuildThisFileDirectory)JsonParseMaster.h">
      <Filter>EngineBase\JsonParse</Filter>
    </ClInclude>
    <ClInclude Include="$(MSBuildThisFileDirectory)JsonTableParseHelper.h">
      <Filter>EngineBase\JsonParse</Filter>
    </ClInclude>
    <ClInclude Include="$(MSBuildThisFileDirectory)ActionListIf.h">
      <Filter>Engine\Action</Filter>
    </ClInclude>
    <ClInclude Include="$(MSBuildThisFileDirectory)ActionIncrement.h">
      <Filter>Engine\Action</Filter>
    </ClInclude>
    <ClInclude Include="$(MSBuildThisFileDirectory)ActionCreateAction.h">
      <Filter>Engine\Action</Filter>
    </ClInclude>
    <ClInclude Include="$(MSBuildThisFileDirectory)ActionDestroyAction.h">
      <Filter>Engine\Action</Filter>
    </ClInclude>
    <ClInclude Include="$(MSBuildThisFileDirectory)Entity.h">
      <Filter>Engine</Filter>
    </ClInclude>
    <ClInclude Include="$(MSBuildThisFileDirectory)Event.h">
      <Filter>Engine</Filter>
    </ClInclude>
    <ClInclude Include="$(MSBuildThisFileDirectory)EventQueue.h">
      <Filter>Engine</Filter>
    </ClInclude>
    <ClInclude Include="$(MSBuildThisFileDirectory)IEventSubscriber.h">
      <Filter>Engine</Filter>
    </ClInclude>
    <ClInclude Include="$(MSBuildThisFileDirectory)ActionEvent.h">
      <Filter>Engine\Action</Filter>
    </ClInclude>
    <ClInclude Include="$(MSBuildThisFileDirectory)Reaction.h">
      <Filter>Engine\Reaction</Filter>
    </ClInclude>
    <ClInclude Include="$(MSBuildThisFileDirectory)EventMessageAttributed.h">
      <Filter>Engine\Reaction</Filter>
    </ClInclude>
    <ClInclude Include="$(MSBuildThisFileDirectory)ReactionAttributed.h">
      <Filter>Engine\Reaction</Filter>
    </ClInclude>
    <ClInclude Include="$(MSBuildThisFileDirectory)ActionAdd.h">
      <Filter>Engine\Action</Filter>
    </ClInclude>
    <ClInclude Include="$(MSBuildThisFileDirectory)Stack.h">
      <Filter>Container</Filter>
    </ClInclude>
    <ClInclude Include="$(MSBuildThisFileDirectory)Tokenizer.h">
      <Filter>EngineBase\JsonParse</Filter>
    </ClInclude>
    <ClInclude Include="$(MSBuildThisFileDirectory)ActionExpression.h">
      <Filter>Engine\Action</Filter>
    </ClInclude>
    <ClInclude Include="$(MSBuildThisFileDirectory)ActionCircleCollision.h">
      <Filter>Box2d</Filter>
    </ClInclude>
    <ClInclude Include="$(MSBuildThisFileDirectory)ActionPolygonCollision.h">
      <Filter>Box2d</Filter>
    </ClInclude>
    <ClInclude Include="$(MSBuildThisFileDirectory)CollisionManager.h">
      <Filter>Box2d</Filter>
    </ClInclude>
    <ClInclude Include="$(MSBuildThisFileDirectory)ActionCollision.h">
      <Filter>Box2d</Filter>
    </ClInclude>
    <ClInclude Include="$(MSBuildThisFileDirectory)ActionBoxCollision.h">
      <Filter>Box2d</Filter>
    </ClInclude>
    <ClInclude Include="$(MSBuildThisFileDirectory)ActionCollisionEvent.h">
      <Filter>Box2d</Filter>
    </ClInclude>
    <ClInclude Include="$(MSBuildThisFileDirectory)ActionTriangleCollision.h">
      <Filter>Box2d</Filter>
    </ClInclude>
    <ClInclude Include="$(MSBuildThisFileDirectory)ActionCollisionResult.h">
      <Filter>Box2d</Filter>
    </ClInclude>
    <ClInclude Include="$(MSBuildThisFileDirectory)ActionRender.h">
      <Filter>Engine\Action</Filter>
    </ClInclude>
    <ClInclude Include="$(MSBuildThisFileDirectory)ActionDestroy.h">
      <Filter>Engine\Action</Filter>
    </ClInclude>
    <ClInclude Include="$(MSBuildThisFileDirectory)ActionLoadJson.h">
      <Filter>Engine\Action</Filter>
    </ClInclude>
    <ClInclude Include="$(MSBuildThisFileDirectory)Transform.h">
      <Filter>EngineBase</Filter>
    </ClInclude>
    <ClInclude Include="$(MSBuildThisFileDirectory)ActionAnimation.h">
      <Filter>Engine\Action</Filter>
    </ClInclude>
    <ClInclude Include="$(MSBuildThisFileDirectory)ActionUpdateHealthUI.h">
      <Filter>Engine\Action</Filter>
    </ClInclude>
    <ClInclude Include="$(MSBuildThisFileDirectory)LuaBind.h">
      <Filter>LuaBind</Filter>
    </ClInclude>
    <ClInclude Include="$(MSBuildThisFileDirectory)pch.h" />
    <ClInclude Include="$(MSBuildThisFileDirectory)LuaWrapper.h">
      <Filter>LuaBind</Filter>
    </ClInclude>
    <ClInclude Include="$(MSBuildThisFileDirectory)Macro.h">
      <Filter>LuaBind</Filter>
    </ClInclude>
  </ItemGroup>
  <ItemGroup>
    <None Include="$(MSBuildThisFileDirectory)DefaultHashFunction.inl">
      <Filter>Container</Filter>
    </None>
    <None Include="$(MSBuildThisFileDirectory)HashMap.inl">
      <Filter>Container</Filter>
    </None>
    <None Include="$(MSBuildThisFileDirectory)SList.inl">
      <Filter>Container</Filter>
    </None>
    <None Include="$(MSBuildThisFileDirectory)vector.inl">
      <Filter>Container</Filter>
    </None>
    <None Include="$(MSBuildThisFileDirectory)Factory.inl">
      <Filter>EngineBase</Filter>
    </None>
    <None Include="$(MSBuildThisFileDirectory)Event.inl">
      <Filter>Engine</Filter>
    </None>
    <None Include="$(MSBuildThisFileDirectory)Stack.inl">
      <Filter>Container</Filter>
    </None>
    <None Include="$(MSBuildThisFileDirectory)LuaBind.inl">
      <Filter>LuaBind</Filter>
    </None>
    <None Include="$(MSBuildThisFileDirectory)LuaWrapper.inl">
      <Filter>LuaBind</Filter>
    </None>
    <None Include="$(MSBuildThisFileDirectory)NativeType.inl">
      <Filter>LuaBind</Filter>
    </None>
  </ItemGroup>
  <ItemGroup>
    <Filter Include="Container">
      <UniqueIdentifier>{b74a4605-bf87-4565-a5dc-9abe7a7dc0ca}</UniqueIdentifier>
    </Filter>
    <Filter Include="EngineBase">
      <UniqueIdentifier>{f3d656eb-1e90-4dba-ae66-4314938a0f4c}</UniqueIdentifier>
    </Filter>
    <Filter Include="Engine">
      <UniqueIdentifier>{8d664271-6173-41d4-9eef-59b9d975152e}</UniqueIdentifier>
    </Filter>
    <Filter Include="Engine\Action">
      <UniqueIdentifier>{99b0c77c-dc8d-4bcf-bcfe-cbfebd05f5fa}</UniqueIdentifier>
    </Filter>
    <Filter Include="EngineBase\JsonParse">
      <UniqueIdentifier>{085e595a-fcaf-4b3b-a1e5-fddb0df38051}</UniqueIdentifier>
    </Filter>
    <Filter Include="Engine\Reaction">
      <UniqueIdentifier>{703e3a24-c487-4de9-a37a-61d785ea1481}</UniqueIdentifier>
    </Filter>
    <Filter Include="Box2d">
      <UniqueIdentifier>{d54a6526-9524-4ae5-a7f3-ff9ae77f1fa8}</UniqueIdentifier>
    </Filter>
    <Filter Include="LuaBind">
      <UniqueIdentifier>{63d4ecea-19a3-4f3c-bf57-2738436e9207}</UniqueIdentifier>
    </Filter>
  </ItemGroup>
</Project>