<?xml version="1.0" encoding="utf-8"?>
<Project ToolsVersion="4.0" xmlns="http://schemas.microsoft.com/developer/msbuild/2003">
  <ItemGroup>
    <Filter Include="Cameras">
      <UniqueIdentifier>{d8c82c75-571d-4ef1-a3e5-173a8698230a}</UniqueIdentifier>
    </Filter>
    <Filter Include="Input">
      <UniqueIdentifier>{bd8395ed-9aea-4ade-bd72-c37ae3d7673d}</UniqueIdentifier>
    </Filter>
    <Filter Include="Lights">
      <UniqueIdentifier>{bec473ad-ca41-4754-a284-81f32a90099f}</UniqueIdentifier>
    </Filter>
    <Filter Include="Misc">
      <UniqueIdentifier>{c97b7661-1030-4734-84eb-f82234144c99}</UniqueIdentifier>
    </Filter>
    <Filter Include="Models">
      <UniqueIdentifier>{7dc6c8e9-0f15-4766-8382-f707f53570aa}</UniqueIdentifier>
    </Filter>
    <Filter Include="Graphics">
      <UniqueIdentifier>{b80f8611-6298-4a96-a3ca-e1e81e98821c}</UniqueIdentifier>
    </Filter>
    <Filter Include="Helpers">
      <UniqueIdentifier>{bba1146c-9b17-4b1a-b851-3275f8899493}</UniqueIdentifier>
    </Filter>
    <Filter Include="Game">
      <UniqueIdentifier>{548832db-d269-44a7-a88b-670ed62f42fe}</UniqueIdentifier>
    </Filter>
    <Filter Include="Content">
      <UniqueIdentifier>{74c909d4-b2e7-4d6e-9f43-52333f2c43f0}</UniqueIdentifier>
    </Filter>
    <Filter Include="Content\ContentReaders">
      <UniqueIdentifier>{928740fe-63e1-4454-9bc3-da13e7b8faf0}</UniqueIdentifier>
    </Filter>
    <Filter Include="Math">
      <UniqueIdentifier>{c0909bff-4d0d-4cde-b271-e13b0eb378ad}</UniqueIdentifier>
    </Filter>
    <Filter Include="Materials">
      <UniqueIdentifier>{6ed4a044-607e-4916-b108-dd9d31aa56be}</UniqueIdentifier>
    </Filter>
    <Filter Include="ImGui">
      <UniqueIdentifier>{53c04cbb-d30b-4b4f-af62-1bb9600bea5c}</UniqueIdentifier>
    </Filter>
  </ItemGroup>
  <ItemGroup>
    <ClCompile Include="$(MSBuildThisFileDirectory)Camera.cpp">
      <Filter>Cameras</Filter>
    </ClCompile>
    <ClCompile Include="$(MSBuildThisFileDirectory)DirectionalLight.cpp">
      <Filter>Lights</Filter>
    </ClCompile>
    <ClCompile Include="$(MSBuildThisFileDirectory)FirstPersonCamera.cpp">
      <Filter>Cameras</Filter>
    </ClCompile>
    <ClCompile Include="$(MSBuildThisFileDirectory)GamePadComponent.cpp">
      <Filter>Input</Filter>
    </ClCompile>
    <ClCompile Include="$(MSBuildThisFileDirectory)Light.cpp">
      <Filter>Lights</Filter>
    </ClCompile>
    <ClCompile Include="$(MSBuildThisFileDirectory)Mesh.cpp">
      <Filter>Models</Filter>
    </ClCompile>
    <ClCompile Include="$(MSBuildThisFileDirectory)Model.cpp">
      <Filter>Models</Filter>
    </ClCompile>
    <ClCompile Include="$(MSBuildThisFileDirectory)ModelMaterial.cpp">
      <Filter>Models</Filter>
    </ClCompile>
    <ClCompile Include="$(MSBuildThisFileDirectory)MouseComponent.cpp">
      <Filter>Input</Filter>
    </ClCompile>
    <ClCompile Include="$(MSBuildThisFileDirectory)OrthographicCamera.cpp">
      <Filter>Cameras</Filter>
    </ClCompile>
    <ClCompile Include="$(MSBuildThisFileDirectory)PerspectiveCamera.cpp">
      <Filter>Cameras</Filter>
    </ClCompile>
    <ClCompile Include="$(MSBuildThisFileDirectory)PointLight.cpp">
      <Filter>Lights</Filter>
    </ClCompile>
    <ClCompile Include="$(MSBuildThisFileDirectory)SpotLight.cpp">
      <Filter>Lights</Filter>
    </ClCompile>
    <ClCompile Include="$(MSBuildThisFileDirectory)ServiceContainer.cpp">
      <Filter>Misc</Filter>
    </ClCompile>
    <ClCompile Include="$(MSBuildThisFileDirectory)Utility.cpp">
      <Filter>Misc</Filter>
    </ClCompile>
    <ClCompile Include="$(MSBuildThisFileDirectory)KeyboardComponent.cpp">
      <Filter>Input</Filter>
    </ClCompile>
    <ClCompile Include="$(MSBuildThisFileDirectory)BlendStates.cpp">
      <Filter>Graphics</Filter>
    </ClCompile>
    <ClCompile Include="$(MSBuildThisFileDirectory)ColorHelper.cpp">
      <Filter>Helpers</Filter>
    </ClCompile>
    <ClCompile Include="$(MSBuildThisFileDirectory)SamplerStates.cpp">
      <Filter>Graphics</Filter>
    </ClCompile>
    <ClCompile Include="$(MSBuildThisFileDirectory)RasterizerStates.cpp">
      <Filter>Graphics</Filter>
    </ClCompile>
    <ClCompile Include="$(MSBuildThisFileDirectory)DirectXHelper.cpp">
      <Filter>Helpers</Filter>
    </ClCompile>
    <ClCompile Include="$(MSBuildThisFileDirectory)GameException.cpp">
      <Filter>Game</Filter>
    </ClCompile>
    <ClCompile Include="$(MSBuildThisFileDirectory)Game.cpp">
      <Filter>Game</Filter>
    </ClCompile>
    <ClCompile Include="$(MSBuildThisFileDirectory)ContentManager.cpp">
      <Filter>Content</Filter>
    </ClCompile>
    <ClCompile Include="$(MSBuildThisFileDirectory)ContentTypeReader.cpp">
      <Filter>Content</Filter>
    </ClCompile>
    <ClCompile Include="$(MSBuildThisFileDirectory)ContentTypeReaderManager.cpp">
      <Filter>Content</Filter>
    </ClCompile>
    <ClCompile Include="$(MSBuildThisFileDirectory)ModelReader.cpp">
      <Filter>Content\ContentReaders</Filter>
    </ClCompile>
    <ClCompile Include="$(MSBuildThisFileDirectory)PixelShaderReader.cpp">
      <Filter>Content\ContentReaders</Filter>
    </ClCompile>
    <ClCompile Include="$(MSBuildThisFileDirectory)PixelShader.cpp">
      <Filter>Graphics</Filter>
    </ClCompile>
    <ClCompile Include="$(MSBuildThisFileDirectory)VertexShader.cpp">
      <Filter>Graphics</Filter>
    </ClCompile>
    <ClCompile Include="$(MSBuildThisFileDirectory)VertexShaderReader.cpp">
      <Filter>Content\ContentReaders</Filter>
    </ClCompile>
    <ClCompile Include="$(MSBuildThisFileDirectory)Texture.cpp">
      <Filter>Graphics</Filter>
    </ClCompile>
    <ClCompile Include="$(MSBuildThisFileDirectory)Texture2D.cpp">
      <Filter>Graphics</Filter>
    </ClCompile>
    <ClCompile Include="$(MSBuildThisFileDirectory)Texture2DReader.cpp">
      <Filter>Content\ContentReaders</Filter>
    </ClCompile>
    <ClCompile Include="$(MSBuildThisFileDirectory)MatrixHelper.cpp">
      <Filter>Helpers</Filter>
    </ClCompile>
    <ClCompile Include="$(MSBuildThisFileDirectory)VectorHelper.cpp">
      <Filter>Helpers</Filter>
    </ClCompile>
    <ClCompile Include="$(MSBuildThisFileDirectory)StreamHelper.cpp">
      <Filter>Helpers</Filter>
    </ClCompile>
    <ClCompile Include="$(MSBuildThisFileDirectory)StringHelper.cpp">
      <Filter>Helpers</Filter>
    </ClCompile>
    <ClCompile Include="$(MSBuildThisFileDirectory)RenderTarget.cpp">
      <Filter>Graphics</Filter>
    </ClCompile>
    <ClCompile Include="$(MSBuildThisFileDirectory)RenderStateHelper.cpp">
      <Filter>Helpers</Filter>
    </ClCompile>
    <ClCompile Include="$(MSBuildThisFileDirectory)TextureHelper.cpp">
      <Filter>Helpers</Filter>
    </ClCompile>
    <ClCompile Include="$(MSBuildThisFileDirectory)Rectangle.cpp">
      <Filter>Math</Filter>
    </ClCompile>
    <ClCompile Include="$(MSBuildThisFileDirectory)Point.cpp">
      <Filter>Math</Filter>
    </ClCompile>
    <ClCompile Include="$(MSBuildThisFileDirectory)SkyboxMaterial.cpp">
      <Filter>Materials</Filter>
    </ClCompile>
    <ClCompile Include="$(MSBuildThisFileDirectory)BasicMaterial.cpp">
      <Filter>Materials</Filter>
    </ClCompile>
    <ClCompile Include="$(MSBuildThisFileDirectory)Material.cpp">
      <Filter>Materials</Filter>
    </ClCompile>
    <ClCompile Include="$(MSBuildThisFileDirectory)Shader.cpp">
      <Filter>Graphics</Filter>
    </ClCompile>
    <ClCompile Include="$(MSBuildThisFileDirectory)TextureCubeReader.cpp">
      <Filter>Content\ContentReaders</Filter>
    </ClCompile>
    <ClCompile Include="$(MSBuildThisFileDirectory)TextureCube.cpp">
      <Filter>Graphics</Filter>
    </ClCompile>
    <ClCompile Include="$(MSBuildThisFileDirectory)imgui_impl_dx11.cpp">
      <Filter>ImGui</Filter>
    </ClCompile>
    <ClCompile Include="$(MSBuildThisFileDirectory)VertexDeclarations.cpp">
      <Filter>Graphics</Filter>
    </ClCompile>
    <ClCompile Include="$(MSBuildThisFileDirectory)StaticMeshRenderComponent.cpp">
      <Filter>Game</Filter>
    </ClCompile>
    <ClCompile Include="$(MSBuildThisFileDirectory)StaticMeshMaterial.cpp">
      <Filter>Materials</Filter>
    </ClCompile>
    <ClCompile Include="$(MSBuildThisFileDirectory)UtilityWin32.cpp">
      <Filter>Misc</Filter>
    </ClCompile>
    <ClCompile Include="$(MSBuildThisFileDirectory)UIManager.cpp">
      <Filter>ImGui</Filter>
    </ClCompile>
  </ItemGroup>
  <ItemGroup>
    <ClInclude Include="$(MSBuildThisFileDirectory)Camera.h">
      <Filter>Cameras</Filter>
    </ClInclude>
    <ClInclude Include="$(MSBuildThisFileDirectory)DirectionalLight.h">
      <Filter>Lights</Filter>
    </ClInclude>
    <ClInclude Include="$(MSBuildThisFileDirectory)FirstPersonCamera.h">
      <Filter>Cameras</Filter>
    </ClInclude>
    <ClInclude Include="$(MSBuildThisFileDirectory)GamePadComponent.h">
      <Filter>Input</Filter>
    </ClInclude>
    <ClInclude Include="$(MSBuildThisFileDirectory)Light.h">
      <Filter>Lights</Filter>
    </ClInclude>
    <ClInclude Include="$(MSBuildThisFileDirectory)Mesh.h">
      <Filter>Models</Filter>
    </ClInclude>
    <ClInclude Include="$(MSBuildThisFileDirectory)Model.h">
      <Filter>Models</Filter>
    </ClInclude>
    <ClInclude Include="$(MSBuildThisFileDirectory)ModelMaterial.h">
      <Filter>Models</Filter>
    </ClInclude>
    <ClInclude Include="$(MSBuildThisFileDirectory)MouseComponent.h">
      <Filter>Input</Filter>
    </ClInclude>
    <ClInclude Include="$(MSBuildThisFileDirectory)OrthographicCamera.h">
      <Filter>Cameras</Filter>
    </ClInclude>
    <ClInclude Include="$(MSBuildThisFileDirectory)PerspectiveCamera.h">
      <Filter>Cameras</Filter>
    </ClInclude>
    <ClInclude Include="$(MSBuildThisFileDirectory)PointLight.h">
      <Filter>Lights</Filter>
    </ClInclude>
    <ClInclude Include="$(MSBuildThisFileDirectory)SpotLight.h">
      <Filter>Lights</Filter>
    </ClInclude>
    <ClInclude Include="$(MSBuildThisFileDirectory)ServiceContainer.h">
      <Filter>Misc</Filter>
    </ClInclude>
    <ClInclude Include="$(MSBuildThisFileDirectory)Utility.h">
      <Filter>Misc</Filter>
    </ClInclude>
    <ClInclude Include="$(MSBuildThisFileDirectory)KeyboardComponent.h">
      <Filter>Input</Filter>
    </ClInclude>
    <ClInclude Include="$(MSBuildThisFileDirectory)BlendStates.h">
      <Filter>Graphics</Filter>
    </ClInclude>
    <ClInclude Include="$(MSBuildThisFileDirectory)ColorHelper.h">
      <Filter>Helpers</Filter>
    </ClInclude>
    <ClInclude Include="$(MSBuildThisFileDirectory)SamplerStates.h">
      <Filter>Graphics</Filter>
    </ClInclude>
    <ClInclude Include="$(MSBuildThisFileDirectory)RasterizerStates.h">
      <Filter>Graphics</Filter>
    </ClInclude>
    <ClInclude Include="$(MSBuildThisFileDirectory)DirectXHelper.h">
      <Filter>Helpers</Filter>
    </ClInclude>
    <ClInclude Include="$(MSBuildThisFileDirectory)GameException.h">
      <Filter>Game</Filter>
    </ClInclude>
    <ClInclude Include="$(MSBuildThisFileDirectory)Game.h">
      <Filter>Game</Filter>
    </ClInclude>
    <ClInclude Include="$(MSBuildThisFileDirectory)ContentManager.h">
      <Filter>Content</Filter>
    </ClInclude>
    <ClInclude Include="$(MSBuildThisFileDirectory)ContentTypeReader.h">
      <Filter>Content</Filter>
    </ClInclude>
    <ClInclude Include="$(MSBuildThisFileDirectory)ContentTypeReaderManager.h">
      <Filter>Content</Filter>
    </ClInclude>
    <ClInclude Include="$(MSBuildThisFileDirectory)ModelReader.h">
      <Filter>Content\ContentReaders</Filter>
    </ClInclude>
    <ClInclude Include="$(MSBuildThisFileDirectory)PixelShaderReader.h">
      <Filter>Content\ContentReaders</Filter>
    </ClInclude>
    <ClInclude Include="$(MSBuildThisFileDirectory)PixelShader.h">
      <Filter>Graphics</Filter>
    </ClInclude>
    <ClInclude Include="$(MSBuildThisFileDirectory)VertexShader.h">
      <Filter>Graphics</Filter>
    </ClInclude>
    <ClInclude Include="$(MSBuildThisFileDirectory)VertexShaderReader.h">
      <Filter>Content\ContentReaders</Filter>
    </ClInclude>
    <ClInclude Include="$(MSBuildThisFileDirectory)Texture.h">
      <Filter>Graphics</Filter>
    </ClInclude>
    <ClInclude Include="$(MSBuildThisFileDirectory)Texture2D.h">
      <Filter>Graphics</Filter>
    </ClInclude>
    <ClInclude Include="$(MSBuildThisFileDirectory)Texture2DReader.h">
      <Filter>Content\ContentReaders</Filter>
    </ClInclude>
    <ClInclude Include="$(MSBuildThisFileDirectory)MatrixHelper.h">
      <Filter>Helpers</Filter>
    </ClInclude>
    <ClInclude Include="$(MSBuildThisFileDirectory)VectorHelper.h">
      <Filter>Helpers</Filter>
    </ClInclude>
    <ClInclude Include="$(MSBuildThisFileDirectory)StreamHelper.h">
      <Filter>Helpers</Filter>
    </ClInclude>
    <ClInclude Include="$(MSBuildThisFileDirectory)StringHelper.h">
      <Filter>Helpers</Filter>
    </ClInclude>
    <ClInclude Include="$(MSBuildThisFileDirectory)RenderTarget.h">
      <Filter>Graphics</Filter>
    </ClInclude>
    <ClInclude Include="$(MSBuildThisFileDirectory)RenderStateHelper.h">
      <Filter>Helpers</Filter>
    </ClInclude>
    <ClInclude Include="$(MSBuildThisFileDirectory)TextureHelper.h">
      <Filter>Helpers</Filter>
    </ClInclude>
    <ClInclude Include="$(MSBuildThisFileDirectory)Rectangle.h">
      <Filter>Math</Filter>
    </ClInclude>
    <ClInclude Include="$(MSBuildThisFileDirectory)Point.h">
      <Filter>Math</Filter>
    </ClInclude>
    <ClInclude Include="$(MSBuildThisFileDirectory)SkyboxMaterial.h">
      <Filter>Materials</Filter>
    </ClInclude>
    <ClInclude Include="$(MSBuildThisFileDirectory)BasicMaterial.h">
      <Filter>Materials</Filter>
    </ClInclude>
    <ClInclude Include="$(MSBuildThisFileDirectory)Material.h">
      <Filter>Materials</Filter>
    </ClInclude>
    <ClInclude Include="$(MSBuildThisFileDirectory)Shader.h">
      <Filter>Graphics</Filter>
    </ClInclude>
    <ClInclude Include="$(MSBuildThisFileDirectory)TextureCubeReader.h">
      <Filter>Content\ContentReaders</Filter>
    </ClInclude>
    <ClInclude Include="$(MSBuildThisFileDirectory)TextureCube.h">
      <Filter>Graphics</Filter>
    </ClInclude>
    <ClInclude Include="$(MSBuildThisFileDirectory)imgui_impl_dx11.h">
      <Filter>ImGui</Filter>
    </ClInclude>
    <ClInclude Include="$(MSBuildThisFileDirectory)VertexDeclarations.h">
      <Filter>Graphics</Filter>
    </ClInclude>
    <ClInclude Include="$(MSBuildThisFileDirectory)StaticMeshRenderComponent.h">
      <Filter>Game</Filter>
    </ClInclude>
    <ClInclude Include="$(MSBuildThisFileDirectory)StaticMeshMaterial.h">
      <Filter>Materials</Filter>
    </ClInclude>
    <ClInclude Include="$(MSBuildThisFileDirectory)UtilityWin32.h">
      <Filter>Misc</Filter>
    </ClInclude>
    <ClInclude Include="$(MSBuildThisFileDirectory)UIManager.h">
      <Filter>ImGui</Filter>
    </ClInclude>
  </ItemGroup>
  <ItemGroup>
    <None Include="$(MSBuildThisFileDirectory)packages.config" />
    <None Include="$(MSBuildThisFileDirectory)Light.inl">
      <Filter>Lights</Filter>
    </None>
    <None Include="$(MSBuildThisFileDirectory)Game.inl">
      <Filter>Game</Filter>
    </None>
    <None Include="$(MSBuildThisFileDirectory)ContentManager.inl">
      <Filter>Content</Filter>
    </None>
    <None Include="$(MSBuildThisFileDirectory)ContentTypeReader.inl">
      <Filter>Content</Filter>
    </None>
    <None Include="$(MSBuildThisFileDirectory)Texture.inl">
      <Filter>Graphics</Filter>
    </None>
    <None Include="$(MSBuildThisFileDirectory)VectorHelper.inl">
      <Filter>Helpers</Filter>
    </None>
    <None Include="$(MSBuildThisFileDirectory)Rectangle.inl">
      <Filter>Math</Filter>
    </None>
    <None Include="$(MSBuildThisFileDirectory)Point.inl">
      <Filter>Math</Filter>
    </None>
    <None Include="$(MSBuildThisFileDirectory)Material.inl">
      <Filter>Materials</Filter>
    </None>
    <None Include="$(MSBuildThisFileDirectory)VertexDeclarations.inl">
      <Filter>Graphics</Filter>
    </None>
  </ItemGroup>
</Project>