<?xml version="1.0" encoding="utf-8"?>
<Project ToolsVersion="4.0" xmlns="http://schemas.microsoft.com/developer/msbuild/2003">
  <ItemGroup>
    <ClInclude Include="pch.h" />
    <ClInclude Include="Foo.h">
      <Filter>TestClass</Filter>
    </ClInclude>
    <ClInclude Include="AttributedFoo.h">
      <Filter>TestClass</Filter>
    </ClInclude>
    <ClInclude Include="JsonParseHelperInteger.h">
      <Filter>TestClass</Filter>
    </ClInclude>
    <ClInclude Include="JsonParseHelperTest.h">
      <Filter>TestClass</Filter>
    </ClInclude>
    <ClInclude Include="JsonParseHelperObject.h">
      <Filter>TestClass</Filter>
    </ClInclude>
    <ClInclude Include="JsonParseHelperVector.h">
      <Filter>TestClass</Filter>
    </ClInclude>
    <ClInclude Include="Avatar.h">
      <Filter>TestClass</Filter>
    </ClInclude>
    <ClInclude Include="FooSubscriber.h">
      <Filter>TestClass</Filter>
    </ClInclude>
  </ItemGroup>
  <ItemGroup>
    <ClCompile Include="pch.cpp" />
    <ClCompile Include="SListTest.cpp" />
    <ClCompile Include="Foo.cpp">
      <Filter>TestClass</Filter>
    </ClCompile>
    <ClCompile Include="VectorTest.cpp" />
    <ClCompile Include="HashFunctionTest.cpp" />
    <ClCompile Include="HashMapTest.cpp" />
    <ClCompile Include="DatumTest.cpp" />
    <ClCompile Include="ScopeTest.cpp" />
    <ClCompile Include="AttributedTest.cpp" />
    <ClCompile Include="AttributedFoo.cpp">
      <Filter>TestClass</Filter>
    </ClCompile>
    <ClCompile Include="JsonParseHelperInteger.cpp">
      <Filter>TestClass</Filter>
    </ClCompile>
    <ClCompile Include="JsonParserHelperTest.cpp" />
    <ClCompile Include="JsonParseHelperTest.cpp">
      <Filter>TestClass</Filter>
    </ClCompile>
    <ClCompile Include="JsonParseMasterTest.cpp" />
    <ClCompile Include="JsonParseHelperObject.cpp">
      <Filter>TestClass</Filter>
    </ClCompile>
    <ClCompile Include="JsonParseHelperVector.cpp">
      <Filter>TestClass</Filter>
    </ClCompile>
    <ClCompile Include="FactoryTest.cpp" />
    <ClCompile Include="Avatar.cpp">
      <Filter>TestClass</Filter>
    </ClCompile>
    <ClCompile Include="EventTest.cpp" />
    <ClCompile Include="FooSubscriber.cpp">
      <Filter>TestClass</Filter>
    </ClCompile>
    <ClCompile Include="ReactionTest.cpp" />
    <ClCompile Include="StackTest.cpp" />
    <ClCompile Include="LuaBindTest.cpp" />
  </ItemGroup>
  <ItemGroup>
    <Filter Include="TestClass">
      <UniqueIdentifier>{cab8e454-7855-4d5c-9b6a-a8c4c262fad3}</UniqueIdentifier>
    </Filter>
    <Filter Include="Content">
      <UniqueIdentifier>{cb4b75f9-4786-43de-8241-5baf31ae7ec1}</UniqueIdentifier>
    </Filter>
    <Filter Include="Content\MultiJson">
      <UniqueIdentifier>{dd2ea3f2-8259-4528-980d-9715a318bc0d}</UniqueIdentifier>
    </Filter>
    <Filter Include="Content\Lua">
      <UniqueIdentifier>{2ff2d70a-d21b-4dbc-80e9-a0f3db5f3085}</UniqueIdentifier>
    </Filter>
  </ItemGroup>
  <ItemGroup>
    <None Include="content\jsonTest.json">
      <Filter>Content</Filter>
    </None>
    <None Include="content\invalidJson.json">
      <Filter>Content</Filter>
    </None>
    <None Include="content\scopeJsonTest.json">
      <Filter>Content</Filter>
    </None>
    <None Include="content\AttributedFooJsonTest.json">
      <Filter>Content</Filter>
    </None>
    <None Include="content\EntityJsonTest.json">
      <Filter>Content</Filter>
    </None>
    <None Include="content\ActionJsonTest.json">
      <Filter>Content</Filter>
    </None>
    <None Include="content\ReactionJsonTest.json">
      <Filter>Content</Filter>
    </None>
    <None Include="content\MultiJson\MultiJsonTestRoot.json">
      <Filter>Content\MultiJson</Filter>
    </None>
    <None Include="content\MultiJson\MultiJsonTest1.json">
      <Filter>Content\MultiJson</Filter>
    </None>
    <None Include="content\MultiJson\MultiJsonTest2.json">
      <Filter>Content\MultiJson</Filter>
    </None>
    <None Include="content\MultiJson\MultiJsonTest3.json">
      <Filter>Content\MultiJson</Filter>
    </None>
    <None Include="content\ActionExpression.json">
      <Filter>Content\MultiJson</Filter>
    </None>
    <None Include="content\LoadJsonTest.json">
      <Filter>Content</Filter>
    </None>
    <None Include="content\Lua\Test.lua">
      <Filter>Content\Lua</Filter>
    </None>
    <None Include="content\Lua\TestString.lua">
      <Filter>Content\Lua</Filter>
    </None>
    <None Include="content\Lua\TestSetValue.lua">
      <Filter>Content\Lua</Filter>
    </None>
    <None Include="content\Lua\TestExtend.lua">
      <Filter>Content\Lua</Filter>
    </None>
    <None Include="content\Lua\TestCallLua.lua">
      <Filter>Content\Lua</Filter>
    </None>
  </ItemGroup>
</Project>